{
    "_readme": [
        "This file locks the dependencies of your project to a known state",
        "Read more about it at https://getcomposer.org/doc/01-basic-usage.md#installing-dependencies",
        "This file is @generated automatically"
    ],
    "content-hash": "47a6e4328a61cbb150ddee43f75d431b",
    "packages": [
        {
            "name": "league/commonmark",
            "version": "1.5.7",
            "source": {
                "type": "git",
                "url": "https://github.com/thephpleague/commonmark.git",
                "reference": "11df9b36fd4f1d2b727a73bf14931d81373b9a54"
            },
            "dist": {
                "type": "zip",
                "url": "https://api.github.com/repos/thephpleague/commonmark/zipball/11df9b36fd4f1d2b727a73bf14931d81373b9a54",
                "reference": "11df9b36fd4f1d2b727a73bf14931d81373b9a54",
                "shasum": ""
            },
            "require": {
                "ext-mbstring": "*",
                "php": "^7.1 || ^8.0"
            },
            "conflict": {
                "scrutinizer/ocular": "1.7.*"
            },
            "require-dev": {
                "cebe/markdown": "~1.0",
                "commonmark/commonmark.js": "0.29.2",
                "erusev/parsedown": "~1.0",
                "ext-json": "*",
                "github/gfm": "0.29.0",
                "michelf/php-markdown": "~1.4",
                "mikehaertl/php-shellcommand": "^1.4",
                "phpstan/phpstan": "^0.12",
                "phpunit/phpunit": "^7.5 || ^8.5 || ^9.2",
                "scrutinizer/ocular": "^1.5",
                "symfony/finder": "^4.2"
            },
            "bin": [
                "bin/commonmark"
            ],
            "type": "library",
            "autoload": {
                "psr-4": {
                    "League\\CommonMark\\": "src"
                }
            },
            "notification-url": "https://packagist.org/downloads/",
            "license": [
                "BSD-3-Clause"
            ],
            "authors": [
                {
                    "name": "Colin O'Dell",
                    "email": "colinodell@gmail.com",
                    "homepage": "https://www.colinodell.com",
                    "role": "Lead Developer"
                }
            ],
            "description": "Highly-extensible PHP Markdown parser which fully supports the CommonMark spec and Github-Flavored Markdown (GFM)",
            "homepage": "https://commonmark.thephpleague.com",
            "keywords": [
                "commonmark",
                "flavored",
                "gfm",
                "github",
                "github-flavored",
                "markdown",
                "md",
                "parser"
            ],
            "support": {
                "docs": "https://commonmark.thephpleague.com/",
                "issues": "https://github.com/thephpleague/commonmark/issues",
                "rss": "https://github.com/thephpleague/commonmark/releases.atom",
                "source": "https://github.com/thephpleague/commonmark"
            },
            "funding": [
                {
                    "url": "https://enjoy.gitstore.app/repositories/thephpleague/commonmark",
                    "type": "custom"
                },
                {
                    "url": "https://www.colinodell.com/sponsor",
                    "type": "custom"
                },
                {
                    "url": "https://www.paypal.me/colinpodell/10.00",
                    "type": "custom"
                },
                {
                    "url": "https://github.com/colinodell",
                    "type": "github"
                },
                {
                    "url": "https://www.patreon.com/colinodell",
                    "type": "patreon"
                },
                {
                    "url": "https://tidelift.com/funding/github/packagist/league/commonmark",
                    "type": "tidelift"
                }
            ],
            "time": "2020-10-31T13:49:32+00:00"
        },
        {
            "name": "phpmailer/phpmailer",
            "version": "v6.2.0",
            "source": {
                "type": "git",
                "url": "https://github.com/PHPMailer/PHPMailer.git",
                "reference": "e38888a75c070304ca5514197d4847a59a5c853f"
            },
            "dist": {
                "type": "zip",
                "url": "https://api.github.com/repos/PHPMailer/PHPMailer/zipball/e38888a75c070304ca5514197d4847a59a5c853f",
                "reference": "e38888a75c070304ca5514197d4847a59a5c853f",
                "shasum": ""
            },
            "require": {
                "ext-ctype": "*",
                "ext-filter": "*",
                "ext-hash": "*",
                "php": ">=5.5.0"
            },
            "require-dev": {
                "dealerdirect/phpcodesniffer-composer-installer": "^0.7.0",
                "doctrine/annotations": "^1.2",
                "phpcompatibility/php-compatibility": "^9.3.5",
                "roave/security-advisories": "dev-latest",
                "squizlabs/php_codesniffer": "^3.5.6",
                "yoast/phpunit-polyfills": "^0.2.0"
            },
            "suggest": {
                "ext-mbstring": "Needed to send email in multibyte encoding charset",
                "hayageek/oauth2-yahoo": "Needed for Yahoo XOAUTH2 authentication",
                "league/oauth2-google": "Needed for Google XOAUTH2 authentication",
                "psr/log": "For optional PSR-3 debug logging",
                "stevenmaguire/oauth2-microsoft": "Needed for Microsoft XOAUTH2 authentication",
                "symfony/polyfill-mbstring": "To support UTF-8 if the Mbstring PHP extension is not enabled (^1.2)"
            },
            "type": "library",
            "autoload": {
                "psr-4": {
                    "PHPMailer\\PHPMailer\\": "src/"
                }
            },
            "notification-url": "https://packagist.org/downloads/",
            "license": [
                "LGPL-2.1-only"
            ],
            "authors": [
                {
                    "name": "Marcus Bointon",
                    "email": "phpmailer@synchromedia.co.uk"
                },
                {
                    "name": "Jim Jagielski",
                    "email": "jimjag@gmail.com"
                },
                {
                    "name": "Andy Prevost",
                    "email": "codeworxtech@users.sourceforge.net"
                },
                {
                    "name": "Brent R. Matzelle"
                }
            ],
            "description": "PHPMailer is a full-featured email creation and transfer class for PHP",
            "support": {
                "issues": "https://github.com/PHPMailer/PHPMailer/issues",
                "source": "https://github.com/PHPMailer/PHPMailer/tree/v6.2.0"
            },
            "funding": [
                {
                    "url": "https://github.com/Synchro",
                    "type": "github"
                }
            ],
            "time": "2020-11-25T15:24:57+00:00"
        }
    ],
    "packages-dev": [],
    "aliases": [],
    "minimum-stability": "stable",
    "stability-flags": [],
    "prefer-stable": false,
    "prefer-lowest": false,
    "platform": [],
    "platform-dev": [],
    "plugin-api-version": "2.0.0"
}
